
Microsoft Visual Studio Solution File, Format Version 12.00
# Visual Studio Version 17
VisualStudioVersion = 17.3.32922.545
MinimumVisualStudioVersion = 10.0.40219.1
Project("{FAE04EC0-301F-11D3-BF4B-00C04F79EFBC}") = "observation-pattern", "observation-pattern\observation-pattern.csproj", "{92F97475-93A3-4E82-A0C9-BC55001C14FC}"
EndProject
Global
	GlobalSection(SolutionConfigurationPlatforms) = preSolution
		Debug|Any CPU = Debug|Any CPU
		Release|Any CPU = Release|Any CPU
	EndGlobalSection
	GlobalSection(ProjectConfigurationPlatforms) = postSolution
		{92F97475-93A3-4E82-A0C9-BC55001C14FC}.Debug|Any CPU.ActiveCfg = Debug|Any CPU
		{92F97475-93A3-4E82-A0C9-BC55001C14FC}.Debug|Any CPU.Build.0 = Debug|Any CPU
		{92F97475-93A3-4E82-A0C9-BC55001C14FC}.Release|Any CPU.ActiveCfg = Release|Any CPU
		{92F97475-93A3-4E82-A0C9-BC55001C14FC}.Release|Any CPU.Build.0 = Release|Any CPU
	EndGlobalSection
	GlobalSection(SolutionProperties) = preSolution
		HideSolutionNode = FALSE
	EndGlobalSection
	GlobalSection(ExtensibilityGlobals) = postSolution
		SolutionGuid = {C6FD6511-2820-43A2-87D0-99894D454B52}
	EndGlobalSection
EndGlobal
